
Microsoft Visual Studio Solution File, Format Version 12.00
# Visual Studio 15
VisualStudioVersion = 15.0.28307.902
MinimumVisualStudioVersion = 10.0.40219.1
Project("{FAE04EC0-301F-11D3-BF4B-00C04F79EFBC}") = "SifreTakipUygulama", "SifreTakipUygulama\SifreTakipUygulama.csproj", "{DC066C08-7448-4BEC-9E21-03BFEB951C71}"
EndProject
Global
	GlobalSection(SolutionConfigurationPlatforms) = preSolution
		Debug|Any CPU = Debug|Any CPU
		Release|Any CPU = Release|Any CPU
	EndGlobalSection
	GlobalSection(ProjectConfigurationPlatforms) = postSolution
		{DC066C08-7448-4BEC-9E21-03BFEB951C71}.Debug|Any CPU.ActiveCfg = Debug|Any CPU
		{DC066C08-7448-4BEC-9E21-03BFEB951C71}.Debug|Any CPU.Build.0 = Debug|Any CPU
		{DC066C08-7448-4BEC-9E21-03BFEB951C71}.Release|Any CPU.ActiveCfg = Release|Any CPU
		{DC066C08-7448-4BEC-9E21-03BFEB951C71}.Release|Any CPU.Build.0 = Release|Any CPU
	EndGlobalSection
	GlobalSection(SolutionProperties) = preSolution
		HideSolutionNode = FALSE
	EndGlobalSection
	GlobalSection(ExtensibilityGlobals) = postSolution
		SolutionGuid = {4129BB10-101C-46AD-AF34-05BE6354B698}
	EndGlobalSection
EndGlobal
